// !$*UTF8*$!
{
	archiveVersion = 1;
	classes = {
	};
	objectVersion = 56;
	objects = {

/* Begin PBXBuildFile section */
		2E15C1D42C21EF6C003720B8 /* AuthenticationViewModel.swift in Sources */ = {isa = PBXBuildFile; fileRef = 2E15C1D32C21EF6C003720B8 /* AuthenticationViewModel.swift */; };
		2E15C1D62C21EF91003720B8 /* AuthenticationView.swift in Sources */ = {isa = PBXBuildFile; fileRef = 2E15C1D52C21EF91003720B8 /* AuthenticationView.swift */; };
		2E15C1D82C21EFEA003720B8 /* SignupView.swift in Sources */ = {isa = PBXBuildFile; fileRef = 2E15C1D72C21EFEA003720B8 /* SignupView.swift */; };
		2E476DF42C24582F0082C73D /* FirebaseAuth in Frameworks */ = {isa = PBXBuildFile; productRef = 2E476DF32C24582F0082C73D /* FirebaseAuth */; };
		2E61F5CE2C1C844F003FDBEB /* ServicesView.swift in Sources */ = {isa = PBXBuildFile; fileRef = 2E61F5CD2C1C844F003FDBEB /* ServicesView.swift */; };
		2E753A6E2C1A4B4D001A5554 /* GoogleService-Info.plist in Resources */ = {isa = PBXBuildFile; fileRef = 2E753A6D2C1A4B4D001A5554 /* GoogleService-Info.plist */; };
		2E753A782C1B7A7A001A5554 /* LoginView.swift in Sources */ = {isa = PBXBuildFile; fileRef = 2E753A772C1B7A7A001A5554 /* LoginView.swift */; };
		2E8A847B2C10BFFA00708867 /* sa3edny_appApp.swift in Sources */ = {isa = PBXBuildFile; fileRef = 2E8A847A2C10BFFA00708867 /* sa3edny_appApp.swift */; };
		2E8A847D2C10BFFA00708867 /* ContentView.swift in Sources */ = {isa = PBXBuildFile; fileRef = 2E8A847C2C10BFFA00708867 /* ContentView.swift */; };
		2E8A847F2C10BFFB00708867 /* Assets.xcassets in Resources */ = {isa = PBXBuildFile; fileRef = 2E8A847E2C10BFFB00708867 /* Assets.xcassets */; };
		2E8A84822C10BFFB00708867 /* Preview Assets.xcassets in Resources */ = {isa = PBXBuildFile; fileRef = 2E8A84812C10BFFB00708867 /* Preview Assets.xcassets */; };
		2E98671B2C246FAA00381768 /* UserView.swift in Sources */ = {isa = PBXBuildFile; fileRef = 2E98671A2C246FAA00381768 /* UserView.swift */; };
		2ECB77DA2C189DF000D72669 /* Configuration.swift in Sources */ = {isa = PBXBuildFile; fileRef = 2ECB77D92C189DF000D72669 /* Configuration.swift */; };
/* End PBXBuildFile section */

/* Begin PBXFileReference section */
		2E15C1D32C21EF6C003720B8 /* AuthenticationViewModel.swift */ = {isa = PBXFileReference; lastKnownFileType = sourcecode.swift; path = AuthenticationViewModel.swift; sourceTree = "<group>"; };
		2E15C1D52C21EF91003720B8 /* AuthenticationView.swift */ = {isa = PBXFileReference; lastKnownFileType = sourcecode.swift; path = AuthenticationView.swift; sourceTree = "<group>"; };
		2E15C1D72C21EFEA003720B8 /* SignupView.swift */ = {isa = PBXFileReference; lastKnownFileType = sourcecode.swift; path = SignupView.swift; sourceTree = "<group>"; };
		2E61F5CD2C1C844F003FDBEB /* ServicesView.swift */ = {isa = PBXFileReference; lastKnownFileType = sourcecode.swift; path = ServicesView.swift; sourceTree = "<group>"; };
		2E753A6D2C1A4B4D001A5554 /* GoogleService-Info.plist */ = {isa = PBXFileReference; fileEncoding = 4; lastKnownFileType = text.plist.xml; name = "GoogleService-Info.plist"; path = "../../../../../../Downloads/GoogleService-Info.plist"; sourceTree = "<group>"; };
		2E753A772C1B7A7A001A5554 /* LoginView.swift */ = {isa = PBXFileReference; lastKnownFileType = sourcecode.swift; path = LoginView.swift; sourceTree = "<group>"; };
		2E8A84772C10BFFA00708867 /* sa3edny-app.app */ = {isa = PBXFileReference; explicitFileType = wrapper.application; includeInIndex = 0; path = "sa3edny-app.app"; sourceTree = BUILT_PRODUCTS_DIR; };
		2E8A847A2C10BFFA00708867 /* sa3edny_appApp.swift */ = {isa = PBXFileReference; lastKnownFileType = sourcecode.swift; path = sa3edny_appApp.swift; sourceTree = "<group>"; };
		2E8A847C2C10BFFA00708867 /* ContentView.swift */ = {isa = PBXFileReference; lastKnownFileType = sourcecode.swift; path = ContentView.swift; sourceTree = "<group>"; };
		2E8A847E2C10BFFB00708867 /* Assets.xcassets */ = {isa = PBXFileReference; lastKnownFileType = folder.assetcatalog; path = Assets.xcassets; sourceTree = "<group>"; };
		2E8A84812C10BFFB00708867 /* Preview Assets.xcassets */ = {isa = PBXFileReference; lastKnownFileType = folder.assetcatalog; path = "Preview Assets.xcassets"; sourceTree = "<group>"; };
		2E98671A2C246FAA00381768 /* UserView.swift */ = {isa = PBXFileReference; lastKnownFileType = sourcecode.swift; path = UserView.swift; sourceTree = "<group>"; };
		2ECB77D92C189DF000D72669 /* Configuration.swift */ = {isa = PBXFileReference; lastKnownFileType = sourcecode.swift; path = Configuration.swift; sourceTree = "<group>"; };
/* End PBXFileReference section */

/* Begin PBXFrameworksBuildPhase section */
		2E8A84742C10BFFA00708867 /* Frameworks */ = {
			isa = PBXFrameworksBuildPhase;
			buildActionMask = 2147483647;
			files = (
				2E476DF42C24582F0082C73D /* FirebaseAuth in Frameworks */,
			);
			runOnlyForDeploymentPostprocessing = 0;
		};
/* End PBXFrameworksBuildPhase section */

/* Begin PBXGroup section */
		2E753A742C1B62A2001A5554 /* Frameworks */ = {
			isa = PBXGroup;
			children = (
			);
			name = Frameworks;
			sourceTree = "<group>";
		};
		2E8A846E2C10BFFA00708867 = {
			isa = PBXGroup;
			children = (
				2E8A84792C10BFFA00708867 /* sa3edny-app */,
				2E8A84782C10BFFA00708867 /* Products */,
				2E753A742C1B62A2001A5554 /* Frameworks */,
			);
			sourceTree = "<group>";
		};
		2E8A84782C10BFFA00708867 /* Products */ = {
			isa = PBXGroup;
			children = (
				2E8A84772C10BFFA00708867 /* sa3edny-app.app */,
			);
			name = Products;
			sourceTree = "<group>";
		};
		2E8A84792C10BFFA00708867 /* sa3edny-app */ = {
			isa = PBXGroup;
			children = (
				2E98671C2C247F9300381768 /* User */,
				2E8A847A2C10BFFA00708867 /* sa3edny_appApp.swift */,
				2E8A847C2C10BFFA00708867 /* ContentView.swift */,
				2E15C1D52C21EF91003720B8 /* AuthenticationView.swift */,
				2E15C1D32C21EF6C003720B8 /* AuthenticationViewModel.swift */,
				2E61F5CD2C1C844F003FDBEB /* ServicesView.swift */,
				2ECB77D92C189DF000D72669 /* Configuration.swift */,
				2E8A847E2C10BFFB00708867 /* Assets.xcassets */,
				2E753A6D2C1A4B4D001A5554 /* GoogleService-Info.plist */,
				2E8A84802C10BFFB00708867 /* Preview Content */,
			);
			path = "sa3edny-app";
			sourceTree = "<group>";
		};
		2E8A84802C10BFFB00708867 /* Preview Content */ = {
			isa = PBXGroup;
			children = (
				2E8A84812C10BFFB00708867 /* Preview Assets.xcassets */,
			);
			path = "Preview Content";
			sourceTree = "<group>";
		};
		2E98671C2C247F9300381768 /* User */ = {
			isa = PBXGroup;
			children = (
				2E753A772C1B7A7A001A5554 /* LoginView.swift */,
				2E15C1D72C21EFEA003720B8 /* SignupView.swift */,
				2E98671A2C246FAA00381768 /* UserView.swift */,
			);
			path = User;
			sourceTree = "<group>";
		};
/* End PBXGroup section */

/* Begin PBXNativeTarget section */
		2E8A84762C10BFFA00708867 /* sa3edny-app */ = {
			isa = PBXNativeTarget;
			buildConfigurationList = 2E8A84852C10BFFB00708867 /* Build configuration list for PBXNativeTarget "sa3edny-app" */;
			buildPhases = (
				2E8A84732C10BFFA00708867 /* Sources */,
				2E8A84742C10BFFA00708867 /* Frameworks */,
				2E8A84752C10BFFA00708867 /* Resources */,
			);
			buildRules = (
			);
			dependencies = (
			);
			name = "sa3edny-app";
			packageProductDependencies = (
				2E476DF32C24582F0082C73D /* FirebaseAuth */,
			);
			productName = "sa3edny-app";
			productReference = 2E8A84772C10BFFA00708867 /* sa3edny-app.app */;
			productType = "com.apple.product-type.application";
		};
/* End PBXNativeTarget section */

/* Begin PBXProject section */
		2E8A846F2C10BFFA00708867 /* Project object */ = {
			isa = PBXProject;
			attributes = {
				BuildIndependentTargetsInParallel = 1;
				LastSwiftUpdateCheck = 1540;
				LastUpgradeCheck = 1540;
				TargetAttributes = {
					2E8A84762C10BFFA00708867 = {
						CreatedOnToolsVersion = 15.4;
					};
				};
			};
			buildConfigurationList = 2E8A84722C10BFFA00708867 /* Build configuration list for PBXProject "sa3edny-app" */;
			compatibilityVersion = "Xcode 14.0";
			developmentRegion = en;
			hasScannedForEncodings = 0;
			knownRegions = (
				en,
				Base,
			);
			mainGroup = 2E8A846E2C10BFFA00708867;
			packageReferences = (
				2E753A6F2C1A4CAA001A5554 /* XCRemoteSwiftPackageReference "firebase-ios-sdk" */,
			);
			productRefGroup = 2E8A84782C10BFFA00708867 /* Products */;
			projectDirPath = "";
			projectRoot = "";
			targets = (
				2E8A84762C10BFFA00708867 /* sa3edny-app */,
			);
		};
/* End PBXProject section */

/* Begin PBXResourcesBuildPhase section */
		2E8A84752C10BFFA00708867 /* Resources */ = {
			isa = PBXResourcesBuildPhase;
			buildActionMask = 2147483647;
			files = (
				2E8A84822C10BFFB00708867 /* Preview Assets.xcassets in Resources */,
				2E8A847F2C10BFFB00708867 /* Assets.xcassets in Resources */,
				2E753A6E2C1A4B4D001A5554 /* GoogleService-Info.plist in Resources */,
			);
			runOnlyForDeploymentPostprocessing = 0;
		};
/* End PBXResourcesBuildPhase section */

/* Begin PBXSourcesBuildPhase section */
		2E8A84732C10BFFA00708867 /* Sources */ = {
			isa = PBXSourcesBuildPhase;
			buildActionMask = 2147483647;
			files = (
				2E15C1D42C21EF6C003720B8 /* AuthenticationViewModel.swift in Sources */,
				2E61F5CE2C1C844F003FDBEB /* ServicesView.swift in Sources */,
				2ECB77DA2C189DF000D72669 /* Configuration.swift in Sources */,
				2E15C1D62C21EF91003720B8 /* AuthenticationView.swift in Sources */,
				2E15C1D82C21EFEA003720B8 /* SignupView.swift in Sources */,
				2E8A847D2C10BFFA00708867 /* ContentView.swift in Sources */,
				2E753A782C1B7A7A001A5554 /* LoginView.swift in Sources */,
				2E98671B2C246FAA00381768 /* UserView.swift in Sources */,
				2E8A847B2C10BFFA00708867 /* sa3edny_appApp.swift in Sources */,
			);
			runOnlyForDeploymentPostprocessing = 0;
		};
/* End PBXSourcesBuildPhase section */

/* Begin XCBuildConfiguration section */
		2E8A84832C10BFFB00708867 /* Debug */ = {
			isa = XCBuildConfiguration;
			buildSettings = {
				ALWAYS_SEARCH_USER_PATHS = NO;
				ASSETCATALOG_COMPILER_GENERATE_SWIFT_ASSET_SYMBOL_EXTENSIONS = YES;
				CLANG_ANALYZER_NONNULL = YES;
				CLANG_ANALYZER_NUMBER_OBJECT_CONVERSION = YES_AGGRESSIVE;
				CLANG_CXX_LANGUAGE_STANDARD = "gnu++20";
				CLANG_ENABLE_MODULES = YES;
				CLANG_ENABLE_OBJC_ARC = YES;
				CLANG_ENABLE_OBJC_WEAK = YES;
				CLANG_WARN_BLOCK_CAPTURE_AUTORELEASING = YES;
				CLANG_WARN_BOOL_CONVERSION = YES;
				CLANG_WARN_COMMA = YES;
				CLANG_WARN_CONSTANT_CONVERSION = YES;
				CLANG_WARN_DEPRECATED_OBJC_IMPLEMENTATIONS = YES;
				CLANG_WARN_DIRECT_OBJC_ISA_USAGE = YES_ERROR;
				CLANG_WARN_DOCUMENTATION_COMMENTS = YES;
				CLANG_WARN_EMPTY_BODY = YES;
				CLANG_WARN_ENUM_CONVERSION = YES;
				CLANG_WARN_INFINITE_RECURSION = YES;
				CLANG_WARN_INT_CONVERSION = YES;
				CLANG_WARN_NON_LITERAL_NULL_CONVERSION = YES;
				CLANG_WARN_OBJC_IMPLICIT_RETAIN_SELF = YES;
				CLANG_WARN_OBJC_LITERAL_CONVERSION = YES;
				CLANG_WARN_OBJC_ROOT_CLASS = YES_ERROR;
				CLANG_WARN_QUOTED_INCLUDE_IN_FRAMEWORK_HEADER = YES;
				CLANG_WARN_RANGE_LOOP_ANALYSIS = YES;
				CLANG_WARN_STRICT_PROTOTYPES = YES;
				CLANG_WARN_SUSPICIOUS_MOVE = YES;
				CLANG_WARN_UNGUARDED_AVAILABILITY = YES_AGGRESSIVE;
				CLANG_WARN_UNREACHABLE_CODE = YES;
				CLANG_WARN__DUPLICATE_METHOD_MATCH = YES;
				COPY_PHASE_STRIP = NO;
				DEBUG_INFORMATION_FORMAT = dwarf;
				ENABLE_STRICT_OBJC_MSGSEND = YES;
				ENABLE_TESTABILITY = YES;
				ENABLE_USER_SCRIPT_SANDBOXING = YES;
				GCC_C_LANGUAGE_STANDARD = gnu17;
				GCC_DYNAMIC_NO_PIC = NO;
				GCC_NO_COMMON_BLOCKS = YES;
				GCC_OPTIMIZATION_LEVEL = 0;
				GCC_PREPROCESSOR_DEFINITIONS = (
					"DEBUG=1",
					"$(inherited)",
				);
				GCC_WARN_64_TO_32_BIT_CONVERSION = YES;
				GCC_WARN_ABOUT_RETURN_TYPE = YES_ERROR;
				GCC_WARN_UNDECLARED_SELECTOR = YES;
				GCC_WARN_UNINITIALIZED_AUTOS = YES_AGGRESSIVE;
				GCC_WARN_UNUSED_FUNCTION = YES;
				GCC_WARN_UNUSED_VARIABLE = YES;
				IPHONEOS_DEPLOYMENT_TARGET = 17.5;
				LOCALIZATION_PREFERS_STRING_CATALOGS = YES;
				MTL_ENABLE_DEBUG_INFO = INCLUDE_SOURCE;
				MTL_FAST_MATH = YES;
				ONLY_ACTIVE_ARCH = YES;
				SDKROOT = iphoneos;
				SWIFT_ACTIVE_COMPILATION_CONDITIONS = "DEBUG $(inherited)";
				SWIFT_OPTIMIZATION_LEVEL = "-Onone";
			};
			name = Debug;
		};
		2E8A84842C10BFFB00708867 /* Release */ = {
			isa = XCBuildConfiguration;
			buildSettings = {
				ALWAYS_SEARCH_USER_PATHS = NO;
				ASSETCATALOG_COMPILER_GENERATE_SWIFT_ASSET_SYMBOL_EXTENSIONS = YES;
				CLANG_ANALYZER_NONNULL = YES;
				CLANG_ANALYZER_NUMBER_OBJECT_CONVERSION = YES_AGGRESSIVE;
				CLANG_CXX_LANGUAGE_STANDARD = "gnu++20";
				CLANG_ENABLE_MODULES = YES;
				CLANG_ENABLE_OBJC_ARC = YES;
				CLANG_ENABLE_OBJC_WEAK = YES;
				CLANG_WARN_BLOCK_CAPTURE_AUTORELEASING = YES;
				CLANG_WARN_BOOL_CONVERSION = YES;
				CLANG_WARN_COMMA = YES;
				CLANG_WARN_CONSTANT_CONVERSION = YES;
				CLANG_WARN_DEPRECATED_OBJC_IMPLEMENTATIONS = YES;
				CLANG_WARN_DIRECT_OBJC_ISA_USAGE = YES_ERROR;
				CLANG_WARN_DOCUMENTATION_COMMENTS = YES;
				CLANG_WARN_EMPTY_BODY = YES;
				CLANG_WARN_ENUM_CONVERSION = YES;
				CLANG_WARN_INFINITE_RECURSION = YES;
				CLANG_WARN_INT_CONVERSION = YES;
				CLANG_WARN_NON_LITERAL_NULL_CONVERSION = YES;
				CLANG_WARN_OBJC_IMPLICIT_RETAIN_SELF = YES;
				CLANG_WARN_OBJC_LITERAL_CONVERSION = YES;
				CLANG_WARN_OBJC_ROOT_CLASS = YES_ERROR;
				CLANG_WARN_QUOTED_INCLUDE_IN_FRAMEWORK_HEADER = YES;
				CLANG_WARN_RANGE_LOOP_ANALYSIS = YES;
				CLANG_WARN_STRICT_PROTOTYPES = YES;
				CLANG_WARN_SUSPICIOUS_MOVE = YES;
				CLANG_WARN_UNGUARDED_AVAILABILITY = YES_AGGRESSIVE;
				CLANG_WARN_UNREACHABLE_CODE = YES;
				CLANG_WARN__DUPLICATE_METHOD_MATCH = YES;
				COPY_PHASE_STRIP = NO;
				DEBUG_INFORMATION_FORMAT = "dwarf-with-dsym";
				ENABLE_NS_ASSERTIONS = NO;
				ENABLE_STRICT_OBJC_MSGSEND = YES;
				ENABLE_USER_SCRIPT_SANDBOXING = YES;
				GCC_C_LANGUAGE_STANDARD = gnu17;
				GCC_NO_COMMON_BLOCKS = YES;
				GCC_WARN_64_TO_32_BIT_CONVERSION = YES;
				GCC_WARN_ABOUT_RETURN_TYPE = YES_ERROR;
				GCC_WARN_UNDECLARED_SELECTOR = YES;
				GCC_WARN_UNINITIALIZED_AUTOS = YES_AGGRESSIVE;
				GCC_WARN_UNUSED_FUNCTION = YES;
				GCC_WARN_UNUSED_VARIABLE = YES;
				IPHONEOS_DEPLOYMENT_TARGET = 17.5;
				LOCALIZATION_PREFERS_STRING_CATALOGS = YES;
				MTL_ENABLE_DEBUG_INFO = NO;
				MTL_FAST_MATH = YES;
				SDKROOT = iphoneos;
				SWIFT_COMPILATION_MODE = wholemodule;
				VALIDATE_PRODUCT = YES;
			};
			name = Release;
		};
		2E8A84862C10BFFB00708867 /* Debug */ = {
			isa = XCBuildConfiguration;
			buildSettings = {
				ASSETCATALOG_COMPILER_APPICON_NAME = AppIcon;
				ASSETCATALOG_COMPILER_GLOBAL_ACCENT_COLOR_NAME = AccentColor;
				CODE_SIGN_STYLE = Automatic;
				CURRENT_PROJECT_VERSION = 1;
				DEVELOPMENT_ASSET_PATHS = "\"sa3edny-app/Preview Content\"";
				DEVELOPMENT_TEAM = JHH9ZCYR3K;
				ENABLE_PREVIEWS = YES;
				GENERATE_INFOPLIST_FILE = YES;
				INFOPLIST_KEY_UIApplicationSceneManifest_Generation = YES;
				INFOPLIST_KEY_UIApplicationSupportsIndirectInputEvents = YES;
				INFOPLIST_KEY_UILaunchScreen_Generation = YES;
				INFOPLIST_KEY_UISupportedInterfaceOrientations = "UIInterfaceOrientationLandscapeLeft UIInterfaceOrientationLandscapeRight UIInterfaceOrientationPortrait UIInterfaceOrientationPortraitUpsideDown";
				LD_RUNPATH_SEARCH_PATHS = (
					"$(inherited)",
					"@executable_path/Frameworks",
				);
				MARKETING_VERSION = 1.0;
				PRODUCT_BUNDLE_IDENTIFIER = "com.indoorstudios.sa3edny-app";
				PRODUCT_NAME = "$(TARGET_NAME)";
				SWIFT_EMIT_LOC_STRINGS = YES;
				SWIFT_VERSION = 5.0;
				TARGETED_DEVICE_FAMILY = "1,2";
			};
			name = Debug;
		};
		2E8A84872C10BFFB00708867 /* Release */ = {
			isa = XCBuildConfiguration;
			buildSettings = {
				ASSETCATALOG_COMPILER_APPICON_NAME = AppIcon;
				ASSETCATALOG_COMPILER_GLOBAL_ACCENT_COLOR_NAME = AccentColor;
				CODE_SIGN_STYLE = Automatic;
				CURRENT_PROJECT_VERSION = 1;
				DEVELOPMENT_ASSET_PATHS = "\"sa3edny-app/Preview Content\"";
				DEVELOPMENT_TEAM = JHH9ZCYR3K;
				ENABLE_PREVIEWS = YES;
				GENERATE_INFOPLIST_FILE = YES;
				INFOPLIST_KEY_UIApplicationSceneManifest_Generation = YES;
				INFOPLIST_KEY_UIApplicationSupportsIndirectInputEvents = YES;
				INFOPLIST_KEY_UILaunchScreen_Generation = YES;
				INFOPLIST_KEY_UISupportedInterfaceOrientations = "UIInterfaceOrientationLandscapeLeft UIInterfaceOrientationLandscapeRight UIInterfaceOrientationPortrait UIInterfaceOrientationPortraitUpsideDown";
				LD_RUNPATH_SEARCH_PATHS = (
					"$(inherited)",
					"@executable_path/Frameworks",
				);
				MARKETING_VERSION = 1.0;
				PRODUCT_BUNDLE_IDENTIFIER = "com.indoorstudios.sa3edny-app";
				PRODUCT_NAME = "$(TARGET_NAME)";
				SWIFT_EMIT_LOC_STRINGS = YES;
				SWIFT_VERSION = 5.0;
				TARGETED_DEVICE_FAMILY = "1,2";
			};
			name = Release;
		};
/* End XCBuildConfiguration section */

/* Begin XCConfigurationList section */
		2E8A84722C10BFFA00708867 /* Build configuration list for PBXProject "sa3edny-app" */ = {
			isa = XCConfigurationList;
			buildConfigurations = (
				2E8A84832C10BFFB00708867 /* Debug */,
				2E8A84842C10BFFB00708867 /* Release */,
			);
			defaultConfigurationIsVisible = 0;
			defaultConfigurationName = Release;
		};
		2E8A84852C10BFFB00708867 /* Build configuration list for PBXNativeTarget "sa3edny-app" */ = {
			isa = XCConfigurationList;
			buildConfigurations = (
				2E8A84862C10BFFB00708867 /* Debug */,
				2E8A84872C10BFFB00708867 /* Release */,
			);
			defaultConfigurationIsVisible = 0;
			defaultConfigurationName = Release;
		};
/* End XCConfigurationList section */

/* Begin XCRemoteSwiftPackageReference section */
		2E753A6F2C1A4CAA001A5554 /* XCRemoteSwiftPackageReference "firebase-ios-sdk" */ = {
			isa = XCRemoteSwiftPackageReference;
			repositoryURL = "https://github.com/firebase/firebase-ios-sdk";
			requirement = {
				kind = upToNextMajorVersion;
				minimumVersion = 10.27.0;
			};
		};
/* End XCRemoteSwiftPackageReference section */

/* Begin XCSwiftPackageProductDependency section */
		2E476DF32C24582F0082C73D /* FirebaseAuth */ = {
			isa = XCSwiftPackageProductDependency;
			package = 2E753A6F2C1A4CAA001A5554 /* XCRemoteSwiftPackageReference "firebase-ios-sdk" */;
			productName = FirebaseAuth;
		};
/* End XCSwiftPackageProductDependency section */
	};
	rootObject = 2E8A846F2C10BFFA00708867 /* Project object */;
}
